
Microsoft Visual Studio Solution File, Format Version 12.00
# Visual Studio Version 17
VisualStudioVersion = 17.5.002.0
MinimumVisualStudioVersion = 10.0.40219.1
Project("{9A19103F-16F7-4668-BE54-9A1E7A4F7556}") = "Net7PostgressCompose", "Net7PostgressCompose.csproj", "{83AF5434-7FEA-412E-B432-116F6B19C019}"
EndProject
Global
	GlobalSection(SolutionConfigurationPlatforms) = preSolution
		Debug|Any CPU = Debug|Any CPU
		Release|Any CPU = Release|Any CPU
	EndGlobalSection
	GlobalSection(ProjectConfigurationPlatforms) = postSolution
		{83AF5434-7FEA-412E-B432-116F6B19C019}.Debug|Any CPU.ActiveCfg = Debug|Any CPU
		{83AF5434-7FEA-412E-B432-116F6B19C019}.Debug|Any CPU.Build.0 = Debug|Any CPU
		{83AF5434-7FEA-412E-B432-116F6B19C019}.Release|Any CPU.ActiveCfg = Release|Any CPU
		{83AF5434-7FEA-412E-B432-116F6B19C019}.Release|Any CPU.Build.0 = Release|Any CPU
	EndGlobalSection
	GlobalSection(SolutionProperties) = preSolution
		HideSolutionNode = FALSE
	EndGlobalSection
	GlobalSection(ExtensibilityGlobals) = postSolution
		SolutionGuid = {83E15E2F-3C93-44EF-9D44-AC1DB3BF85FD}
	EndGlobalSection
EndGlobal
